
Microsoft Visual Studio Solution File, Format Version 12.00
# Visual Studio 15
VisualStudioVersion = 15.0.26730.16
MinimumVisualStudioVersion = 10.0.40219.1
Project("{FAE04EC0-301F-11D3-BF4B-00C04F79EFBC}") = "Penny To Dollar Converter", "Penny To Dollar Converter\Penny To Dollar Converter.csproj", "{A35F5BCA-C67B-4165-B3E5-D68BA1D61229}"
EndProject
Global
	GlobalSection(SolutionConfigurationPlatforms) = preSolution
		Debug|Any CPU = Debug|Any CPU
		Release|Any CPU = Release|Any CPU
	EndGlobalSection
	GlobalSection(ProjectConfigurationPlatforms) = postSolution
		{A35F5BCA-C67B-4165-B3E5-D68BA1D61229}.Debug|Any CPU.ActiveCfg = Debug|Any CPU
		{A35F5BCA-C67B-4165-B3E5-D68BA1D61229}.Debug|Any CPU.Build.0 = Debug|Any CPU
		{A35F5BCA-C67B-4165-B3E5-D68BA1D61229}.Release|Any CPU.ActiveCfg = Release|Any CPU
		{A35F5BCA-C67B-4165-B3E5-D68BA1D61229}.Release|Any CPU.Build.0 = Release|Any CPU
	EndGlobalSection
	GlobalSection(SolutionProperties) = preSolution
		HideSolutionNode = FALSE
	EndGlobalSection
	GlobalSection(ExtensibilityGlobals) = postSolution
		SolutionGuid = {FD738916-9C72-4893-A5E4-C3E0334693F7}
	EndGlobalSection
EndGlobal
